
Microsoft Visual Studio Solution File, Format Version 12.00
# Visual Studio Version 17
VisualStudioVersion = 17.2.32526.322
MinimumVisualStudioVersion = 10.0.40219.1
Project("{FAE04EC0-301F-11D3-BF4B-00C04F79EFBC}") = "AlgorithmAndDsProgrammingProblem", "AlgorithmAndDsProgrammingProblem\AlgorithmAndDsProgrammingProblem.csproj", "{004ACB7D-F2B1-481B-BB84-BFD0AB4EFFED}"
EndProject
Global
	GlobalSection(SolutionConfigurationPlatforms) = preSolution
		Debug|Any CPU = Debug|Any CPU
		Release|Any CPU = Release|Any CPU
	EndGlobalSection
	GlobalSection(ProjectConfigurationPlatforms) = postSolution
		{004ACB7D-F2B1-481B-BB84-BFD0AB4EFFED}.Debug|Any CPU.ActiveCfg = Debug|Any CPU
		{004ACB7D-F2B1-481B-BB84-BFD0AB4EFFED}.Debug|Any CPU.Build.0 = Debug|Any CPU
		{004ACB7D-F2B1-481B-BB84-BFD0AB4EFFED}.Release|Any CPU.ActiveCfg = Release|Any CPU
		{004ACB7D-F2B1-481B-BB84-BFD0AB4EFFED}.Release|Any CPU.Build.0 = Release|Any CPU
	EndGlobalSection
	GlobalSection(SolutionProperties) = preSolution
		HideSolutionNode = FALSE
	EndGlobalSection
	GlobalSection(ExtensibilityGlobals) = postSolution
		SolutionGuid = {BDA44EE0-2A37-4DAA-A2CF-DB00387E6FA7}
	EndGlobalSection
EndGlobal
